
Microsoft Visual Studio Solution File, Format Version 12.00
# Visual Studio 2013
VisualStudioVersion = 12.0.21005.1
MinimumVisualStudioVersion = 10.0.40219.1
Project("{FAE04EC0-301F-11D3-BF4B-00C04F79EFBC}") = "DescribeMe.Core", "DescribeMe.Core\DescribeMe.Core.csproj", "{F5F72EF6-563F-4BFC-A51C-975AD66A754A}"
EndProject
Project("{FAE04EC0-301F-11D3-BF4B-00C04F79EFBC}") = "DescribeMe.Web", "DescribeMe.Web\DescribeMe.Web.csproj", "{BAC7C398-F686-45FC-863F-1C7FF33D2A97}"
EndProject
Project("{FAE04EC0-301F-11D3-BF4B-00C04F79EFBC}") = "DescribeMe.Website", "DescribeMe.Website\DescribeMe.Website.csproj", "{03F2A3FF-EF42-4709-AEA2-9DFA0941FB19}"
EndProject
Project("{2150E333-8FDC-42A3-9474-1A3956D46DE8}") = ".nuget", ".nuget", "{0700BAEB-59CA-42EA-8B64-EE1105FA670F}"
	ProjectSection(SolutionItems) = preProject
		.nuget\NuGet.Config = .nuget\NuGet.Config
		.nuget\NuGet.exe = .nuget\NuGet.exe
		.nuget\NuGet.targets = .nuget\NuGet.targets
	EndProjectSection
EndProject
Project("{FAE04EC0-301F-11D3-BF4B-00C04F79EFBC}") = "DescribeMe.Import", "DescribeMe.Import\DescribeMe.Import.csproj", "{CC6E5D54-407B-4D0A-BBF2-F06C133F6B37}"
EndProject
Global
	GlobalSection(SolutionConfigurationPlatforms) = preSolution
		Debug|Any CPU = Debug|Any CPU
		Release|Any CPU = Release|Any CPU
	EndGlobalSection
	GlobalSection(ProjectConfigurationPlatforms) = postSolution
		{F5F72EF6-563F-4BFC-A51C-975AD66A754A}.Debug|Any CPU.ActiveCfg = Debug|Any CPU
		{F5F72EF6-563F-4BFC-A51C-975AD66A754A}.Debug|Any CPU.Build.0 = Debug|Any CPU
		{F5F72EF6-563F-4BFC-A51C-975AD66A754A}.Release|Any CPU.ActiveCfg = Release|Any CPU
		{F5F72EF6-563F-4BFC-A51C-975AD66A754A}.Release|Any CPU.Build.0 = Release|Any CPU
		{F5F72EF6-563F-4BFC-A51C-975AD66A754A}.Release|Any CPU.Deploy.0 = Release|Any CPU
		{BAC7C398-F686-45FC-863F-1C7FF33D2A97}.Debug|Any CPU.ActiveCfg = Debug|Any CPU
		{BAC7C398-F686-45FC-863F-1C7FF33D2A97}.Debug|Any CPU.Build.0 = Debug|Any CPU
		{BAC7C398-F686-45FC-863F-1C7FF33D2A97}.Release|Any CPU.ActiveCfg = Release|Any CPU
		{BAC7C398-F686-45FC-863F-1C7FF33D2A97}.Release|Any CPU.Build.0 = Release|Any CPU
		{03F2A3FF-EF42-4709-AEA2-9DFA0941FB19}.Debug|Any CPU.ActiveCfg = Debug|Any CPU
		{03F2A3FF-EF42-4709-AEA2-9DFA0941FB19}.Debug|Any CPU.Build.0 = Debug|Any CPU
		{03F2A3FF-EF42-4709-AEA2-9DFA0941FB19}.Debug|Any CPU.Deploy.0 = Debug|Any CPU
		{03F2A3FF-EF42-4709-AEA2-9DFA0941FB19}.Release|Any CPU.ActiveCfg = Release|Any CPU
		{03F2A3FF-EF42-4709-AEA2-9DFA0941FB19}.Release|Any CPU.Build.0 = Release|Any CPU
		{CC6E5D54-407B-4D0A-BBF2-F06C133F6B37}.Debug|Any CPU.ActiveCfg = Debug|Any CPU
		{CC6E5D54-407B-4D0A-BBF2-F06C133F6B37}.Debug|Any CPU.Build.0 = Debug|Any CPU
		{CC6E5D54-407B-4D0A-BBF2-F06C133F6B37}.Release|Any CPU.ActiveCfg = Release|Any CPU
		{CC6E5D54-407B-4D0A-BBF2-F06C133F6B37}.Release|Any CPU.Build.0 = Release|Any CPU
	EndGlobalSection
	GlobalSection(SolutionProperties) = preSolution
		HideSolutionNode = FALSE
	EndGlobalSection
EndGlobal
